
Microsoft Visual Studio Solution File, Format Version 12.00
# Visual Studio Version 17
VisualStudioVersion = 17.5.33103.201
MinimumVisualStudioVersion = 10.0.40219.1
Project("{2150E333-8FDC-42A3-9474-1A3956D46DE8}") = "src", "src", "{A56DB168-8983-4BD2-8E0A-25D125A5CCB8}"
EndProject
Project("{2150E333-8FDC-42A3-9474-1A3956D46DE8}") = "1 - Presentation", "1 - Presentation", "{C2B6715B-A9B6-42B5-A2BC-9F2288061184}"
EndProject
Project("{2150E333-8FDC-42A3-9474-1A3956D46DE8}") = "2 - Services", "2 - Services", "{5244071C-A77C-49F7-860F-C0865478801B}"
EndProject
Project("{2150E333-8FDC-42A3-9474-1A3956D46DE8}") = "3 - Application", "3 - Application", "{51C9E258-EC10-4E43-891A-65A3C38D7854}"
EndProject
Project("{2150E333-8FDC-42A3-9474-1A3956D46DE8}") = "4 - Domain", "4 - Domain", "{5D3E4BF8-2FE6-42C2-9C16-FE25D8C33325}"
EndProject
Project("{2150E333-8FDC-42A3-9474-1A3956D46DE8}") = "5 - Infra", "5 - Infra", "{2B4DED89-7DB1-4A9D-B3C2-6ABF9F2FC713}"
EndProject
Project("{FAE04EC0-301F-11D3-BF4B-00C04F79EFBC}") = "Subscription.Api", "Subscription.Api\Subscription.Api.csproj", "{5004DE33-CCAF-45BC-BA1C-1E01273F58FB}"
EndProject
Project("{FAE04EC0-301F-11D3-BF4B-00C04F79EFBC}") = "SubscriptionManager.Domain", "SubscriptionManager.Domain\SubscriptionManager.Domain.csproj", "{55187D5B-46D2-4CF8-801C-0827D58DDD4A}"
EndProject
Global
	GlobalSection(SolutionConfigurationPlatforms) = preSolution
		Debug|Any CPU = Debug|Any CPU
		Release|Any CPU = Release|Any CPU
	EndGlobalSection
	GlobalSection(ProjectConfigurationPlatforms) = postSolution
		{5004DE33-CCAF-45BC-BA1C-1E01273F58FB}.Debug|Any CPU.ActiveCfg = Debug|Any CPU
		{5004DE33-CCAF-45BC-BA1C-1E01273F58FB}.Debug|Any CPU.Build.0 = Debug|Any CPU
		{5004DE33-CCAF-45BC-BA1C-1E01273F58FB}.Release|Any CPU.ActiveCfg = Release|Any CPU
		{5004DE33-CCAF-45BC-BA1C-1E01273F58FB}.Release|Any CPU.Build.0 = Release|Any CPU
		{55187D5B-46D2-4CF8-801C-0827D58DDD4A}.Debug|Any CPU.ActiveCfg = Debug|Any CPU
		{55187D5B-46D2-4CF8-801C-0827D58DDD4A}.Debug|Any CPU.Build.0 = Debug|Any CPU
		{55187D5B-46D2-4CF8-801C-0827D58DDD4A}.Release|Any CPU.ActiveCfg = Release|Any CPU
		{55187D5B-46D2-4CF8-801C-0827D58DDD4A}.Release|Any CPU.Build.0 = Release|Any CPU
	EndGlobalSection
	GlobalSection(SolutionProperties) = preSolution
		HideSolutionNode = FALSE
	EndGlobalSection
	GlobalSection(NestedProjects) = preSolution
		{C2B6715B-A9B6-42B5-A2BC-9F2288061184} = {A56DB168-8983-4BD2-8E0A-25D125A5CCB8}
		{5244071C-A77C-49F7-860F-C0865478801B} = {A56DB168-8983-4BD2-8E0A-25D125A5CCB8}
		{51C9E258-EC10-4E43-891A-65A3C38D7854} = {A56DB168-8983-4BD2-8E0A-25D125A5CCB8}
		{5D3E4BF8-2FE6-42C2-9C16-FE25D8C33325} = {A56DB168-8983-4BD2-8E0A-25D125A5CCB8}
		{2B4DED89-7DB1-4A9D-B3C2-6ABF9F2FC713} = {A56DB168-8983-4BD2-8E0A-25D125A5CCB8}
		{5004DE33-CCAF-45BC-BA1C-1E01273F58FB} = {5244071C-A77C-49F7-860F-C0865478801B}
		{55187D5B-46D2-4CF8-801C-0827D58DDD4A} = {5D3E4BF8-2FE6-42C2-9C16-FE25D8C33325}
	EndGlobalSection
	GlobalSection(ExtensibilityGlobals) = postSolution
		SolutionGuid = {66108B36-A22C-4E45-81D9-62220F655C20}
	EndGlobalSection
EndGlobal
